
Microsoft Visual Studio Solution File, Format Version 12.00
# Visual Studio 15
VisualStudioVersion = 15.0.28307.1401
MinimumVisualStudioVersion = 10.0.40219.1
Project("{FAE04EC0-301F-11D3-BF4B-00C04F79EFBC}") = "GoodSupply", "GoodSupply\GoodSupply.csproj", "{CC89DAEB-B9AA-4E53-B8C3-E7CE24B0EBB7}"
EndProject
Global
	GlobalSection(SolutionConfigurationPlatforms) = preSolution
		Debug|Any CPU = Debug|Any CPU
		Release|Any CPU = Release|Any CPU
	EndGlobalSection
	GlobalSection(ProjectConfigurationPlatforms) = postSolution
		{CC89DAEB-B9AA-4E53-B8C3-E7CE24B0EBB7}.Debug|Any CPU.ActiveCfg = Debug|Any CPU
		{CC89DAEB-B9AA-4E53-B8C3-E7CE24B0EBB7}.Debug|Any CPU.Build.0 = Debug|Any CPU
		{CC89DAEB-B9AA-4E53-B8C3-E7CE24B0EBB7}.Release|Any CPU.ActiveCfg = Release|Any CPU
		{CC89DAEB-B9AA-4E53-B8C3-E7CE24B0EBB7}.Release|Any CPU.Build.0 = Release|Any CPU
	EndGlobalSection
	GlobalSection(SolutionProperties) = preSolution
		HideSolutionNode = FALSE
	EndGlobalSection
	GlobalSection(ExtensibilityGlobals) = postSolution
		SolutionGuid = {B786A6E1-5D7B-4435-95D2-7DDF8E90CB8E}
	EndGlobalSection
EndGlobal
